
Microsoft Visual Studio Solution File, Format Version 11.00
# Visual Studio 2010
Project("{FAE04EC0-301F-11D3-BF4B-00C04F79EFBC}") = "Shotgun Project Plugin", "Shotgun Project Plugin\Shotgun Project Plugin.csproj", "{06813238-1CF6-4A77-8DA3-0E47D44C9279}"
EndProject
Global
	GlobalSection(SolutionConfigurationPlatforms) = preSolution
		Debug|Any CPU = Debug|Any CPU
		Release|Any CPU = Release|Any CPU
	EndGlobalSection
	GlobalSection(ProjectConfigurationPlatforms) = postSolution
		{06813238-1CF6-4A77-8DA3-0E47D44C9279}.Debug|Any CPU.ActiveCfg = Debug|Any CPU
		{06813238-1CF6-4A77-8DA3-0E47D44C9279}.Debug|Any CPU.Build.0 = Debug|Any CPU
		{06813238-1CF6-4A77-8DA3-0E47D44C9279}.Release|Any CPU.ActiveCfg = Release|Any CPU
		{06813238-1CF6-4A77-8DA3-0E47D44C9279}.Release|Any CPU.Build.0 = Release|Any CPU
	EndGlobalSection
	GlobalSection(SolutionProperties) = preSolution
		HideSolutionNode = FALSE
	EndGlobalSection
EndGlobal
